
Microsoft Visual Studio Solution File, Format Version 12.00
Project("{FAE04EC0-301F-11D3-BF4B-00C04F79EFBC}") = "Crafting Interpreters", "Crafting Interpreters\Crafting Interpreters.csproj", "{D3B6F8F0-2364-4D9F-83F2-3162C6BDBE6D}"
EndProject
Global
	GlobalSection(SolutionConfigurationPlatforms) = preSolution
		Debug|Any CPU = Debug|Any CPU
		Release|Any CPU = Release|Any CPU
	EndGlobalSection
	GlobalSection(ProjectConfigurationPlatforms) = postSolution
		{D3B6F8F0-2364-4D9F-83F2-3162C6BDBE6D}.Debug|Any CPU.ActiveCfg = Debug|Any CPU
		{D3B6F8F0-2364-4D9F-83F2-3162C6BDBE6D}.Debug|Any CPU.Build.0 = Debug|Any CPU
		{D3B6F8F0-2364-4D9F-83F2-3162C6BDBE6D}.Release|Any CPU.ActiveCfg = Release|Any CPU
		{D3B6F8F0-2364-4D9F-83F2-3162C6BDBE6D}.Release|Any CPU.Build.0 = Release|Any CPU
	EndGlobalSection
EndGlobal
